
Microsoft Visual Studio Solution File, Format Version 12.00
# Visual Studio 14
VisualStudioVersion = 14.0.25123.0
MinimumVisualStudioVersion = 10.0.40219.1
Project("{FAE04EC0-301F-11D3-BF4B-00C04F79EFBC}") = "HindiXamApp.Droid", "HindiXamApp\HindiXamApp.Droid\HindiXamApp.Droid.csproj", "{3BA08EE9-C569-43E4-8FFA-AAE9FD743E81}"
EndProject
Project("{FAE04EC0-301F-11D3-BF4B-00C04F79EFBC}") = "HindiXamApp.iOS", "HindiXamApp\HindiXamApp.iOS\HindiXamApp.iOS.csproj", "{B3A6530D-F11A-40C9-908B-C15CF664DC38}"
EndProject
Project("{FAE04EC0-301F-11D3-BF4B-00C04F79EFBC}") = "HindiXamApp.WinPhone", "HindiXamApp\HindiXamApp.WinPhone\HindiXamApp.WinPhone.csproj", "{2E0AA8E7-965B-4CA8-96B4-54BBE57B89C0}"
EndProject
Project("{FAE04EC0-301F-11D3-BF4B-00C04F79EFBC}") = "HindiXamApp.UWP", "HindiXamApp\HindiXamApp.UWP\HindiXamApp.UWP.csproj", "{17730CED-BAB1-4D3D-852D-A31C798BD632}"
EndProject
Project("{FAE04EC0-301F-11D3-BF4B-00C04F79EFBC}") = "HindiXamApp.Windows", "HindiXamApp\HindiXamApp.Windows\HindiXamApp.Windows.csproj", "{D618FAA5-416F-4203-874C-7D5F41AC5F6E}"
EndProject
Project("{FAE04EC0-301F-11D3-BF4B-00C04F79EFBC}") = "HindiXamApp", "HindiXamApp\HindiXamApp\HindiXamApp.csproj", "{774DC137-D8EA-4F1B-9CC9-3146A3E6663D}"
EndProject
Global
	GlobalSection(SolutionConfigurationPlatforms) = preSolution
		Ad-Hoc|Any CPU = Ad-Hoc|Any CPU
		Ad-Hoc|ARM = Ad-Hoc|ARM
		Ad-Hoc|iPhone = Ad-Hoc|iPhone
		Ad-Hoc|iPhoneSimulator = Ad-Hoc|iPhoneSimulator
		Ad-Hoc|x64 = Ad-Hoc|x64
		Ad-Hoc|x86 = Ad-Hoc|x86
		AppStore|Any CPU = AppStore|Any CPU
		AppStore|ARM = AppStore|ARM
		AppStore|iPhone = AppStore|iPhone
		AppStore|iPhoneSimulator = AppStore|iPhoneSimulator
		AppStore|x64 = AppStore|x64
		AppStore|x86 = AppStore|x86
		Debug|Any CPU = Debug|Any CPU
		Debug|ARM = Debug|ARM
		Debug|iPhone = Debug|iPhone
		Debug|iPhoneSimulator = Debug|iPhoneSimulator
		Debug|x64 = Debug|x64
		Debug|x86 = Debug|x86
		Release|Any CPU = Release|Any CPU
		Release|ARM = Release|ARM
		Release|iPhone = Release|iPhone
		Release|iPhoneSimulator = Release|iPhoneSimulator
		Release|x64 = Release|x64
		Release|x86 = Release|x86
	EndGlobalSection
	GlobalSection(ProjectConfigurationPlatforms) = postSolution
		{3BA08EE9-C569-43E4-8FFA-AAE9FD743E81}.Ad-Hoc|Any CPU.ActiveCfg = Release|Any CPU
		{3BA08EE9-C569-43E4-8FFA-AAE9FD743E81}.Ad-Hoc|Any CPU.Build.0 = Release|Any CPU
		{3BA08EE9-C569-43E4-8FFA-AAE9FD743E81}.Ad-Hoc|Any CPU.Deploy.0 = Release|Any CPU
		{3BA08EE9-C569-43E4-8FFA-AAE9FD743E81}.Ad-Hoc|ARM.ActiveCfg = Release|Any CPU
		{3BA08EE9-C569-43E4-8FFA-AAE9FD743E81}.Ad-Hoc|ARM.Build.0 = Release|Any CPU
		{3BA08EE9-C569-43E4-8FFA-AAE9FD743E81}.Ad-Hoc|ARM.Deploy.0 = Release|Any CPU
		{3BA08EE9-C569-43E4-8FFA-AAE9FD743E81}.Ad-Hoc|iPhone.ActiveCfg = Release|Any CPU
		{3BA08EE9-C569-43E4-8FFA-AAE9FD743E81}.Ad-Hoc|iPhone.Build.0 = Release|Any CPU
		{3BA08EE9-C569-43E4-8FFA-AAE9FD743E81}.Ad-Hoc|iPhone.Deploy.0 = Release|Any CPU
		{3BA08EE9-C569-43E4-8FFA-AAE9FD743E81}.Ad-Hoc|iPhoneSimulator.ActiveCfg = Release|Any CPU
		{3BA08EE9-C569-43E4-8FFA-AAE9FD743E81}.Ad-Hoc|iPhoneSimulator.Build.0 = Release|Any CPU
		{3BA08EE9-C569-43E4-8FFA-AAE9FD743E81}.Ad-Hoc|iPhoneSimulator.Deploy.0 = Release|Any CPU
		{3BA08EE9-C569-43E4-8FFA-AAE9FD743E81}.Ad-Hoc|x64.ActiveCfg = Release|Any CPU
		{3BA08EE9-C569-43E4-8FFA-AAE9FD743E81}.Ad-Hoc|x64.Build.0 = Release|Any CPU
		{3BA08EE9-C569-43E4-8FFA-AAE9FD743E81}.Ad-Hoc|x64.Deploy.0 = Release|Any CPU
		{3BA08EE9-C569-43E4-8FFA-AAE9FD743E81}.Ad-Hoc|x86.ActiveCfg = Release|Any CPU
		{3BA08EE9-C569-43E4-8FFA-AAE9FD743E81}.Ad-Hoc|x86.Build.0 = Release|Any CPU
		{3BA08EE9-C569-43E4-8FFA-AAE9FD743E81}.Ad-Hoc|x86.Deploy.0 = Release|Any CPU
		{3BA08EE9-C569-43E4-8FFA-AAE9FD743E81}.AppStore|Any CPU.ActiveCfg = Release|Any CPU
		{3BA08EE9-C569-43E4-8FFA-AAE9FD743E81}.AppStore|Any CPU.Build.0 = Release|Any CPU
		{3BA08EE9-C569-43E4-8FFA-AAE9FD743E81}.AppStore|Any CPU.Deploy.0 = Release|Any CPU
		{3BA08EE9-C569-43E4-8FFA-AAE9FD743E81}.AppStore|ARM.ActiveCfg = Release|Any CPU
		{3BA08EE9-C569-43E4-8FFA-AAE9FD743E81}.AppStore|ARM.Build.0 = Release|Any CPU
		{3BA08EE9-C569-43E4-8FFA-AAE9FD743E81}.AppStore|ARM.Deploy.0 = Release|Any CPU
		{3BA08EE9-C569-43E4-8FFA-AAE9FD743E81}.AppStore|iPhone.ActiveCfg = Release|Any CPU
		{3BA08EE9-C569-43E4-8FFA-AAE9FD743E81}.AppStore|iPhone.Build.0 = Release|Any CPU
		{3BA08EE9-C569-43E4-8FFA-AAE9FD743E81}.AppStore|iPhone.Deploy.0 = Release|Any CPU
		{3BA08EE9-C569-43E4-8FFA-AAE9FD743E81}.AppStore|iPhoneSimulator.ActiveCfg = Release|Any CPU
		{3BA08EE9-C569-43E4-8FFA-AAE9FD743E81}.AppStore|iPhoneSimulator.Build.0 = Release|Any CPU
		{3BA08EE9-C569-43E4-8FFA-AAE9FD743E81}.AppStore|iPhoneSimulator.Deploy.0 = Release|Any CPU
		{3BA08EE9-C569-43E4-8FFA-AAE9FD743E81}.AppStore|x64.ActiveCfg = Release|Any CPU
		{3BA08EE9-C569-43E4-8FFA-AAE9FD743E81}.AppStore|x64.Build.0 = Release|Any CPU
		{3BA08EE9-C569-43E4-8FFA-AAE9FD743E81}.AppStore|x64.Deploy.0 = Release|Any CPU
		{3BA08EE9-C569-43E4-8FFA-AAE9FD743E81}.AppStore|x86.ActiveCfg = Release|Any CPU
		{3BA08EE9-C569-43E4-8FFA-AAE9FD743E81}.AppStore|x86.Build.0 = Release|Any CPU
		{3BA08EE9-C569-43E4-8FFA-AAE9FD743E81}.AppStore|x86.Deploy.0 = Release|Any CPU
		{3BA08EE9-C569-43E4-8FFA-AAE9FD743E81}.Debug|Any CPU.ActiveCfg = Debug|Any CPU
		{3BA08EE9-C569-43E4-8FFA-AAE9FD743E81}.Debug|Any CPU.Build.0 = Debug|Any CPU
		{3BA08EE9-C569-43E4-8FFA-AAE9FD743E81}.Debug|Any CPU.Deploy.0 = Debug|Any CPU
		{3BA08EE9-C569-43E4-8FFA-AAE9FD743E81}.Debug|ARM.ActiveCfg = Debug|Any CPU
		{3BA08EE9-C569-43E4-8FFA-AAE9FD743E81}.Debug|ARM.Build.0 = Debug|Any CPU
		{3BA08EE9-C569-43E4-8FFA-AAE9FD743E81}.Debug|ARM.Deploy.0 = Debug|Any CPU
		{3BA08EE9-C569-43E4-8FFA-AAE9FD743E81}.Debug|iPhone.ActiveCfg = Debug|Any CPU
		{3BA08EE9-C569-43E4-8FFA-AAE9FD743E81}.Debug|iPhone.Build.0 = Debug|Any CPU
		{3BA08EE9-C569-43E4-8FFA-AAE9FD743E81}.Debug|iPhone.Deploy.0 = Debug|Any CPU
		{3BA08EE9-C569-43E4-8FFA-AAE9FD743E81}.Debug|iPhoneSimulator.ActiveCfg = Debug|Any CPU
		{3BA08EE9-C569-43E4-8FFA-AAE9FD743E81}.Debug|iPhoneSimulator.Build.0 = Debug|Any CPU
		{3BA08EE9-C569-43E4-8FFA-AAE9FD743E81}.Debug|iPhoneSimulator.Deploy.0 = Debug|Any CPU
		{3BA08EE9-C569-43E4-8FFA-AAE9FD743E81}.Debug|x64.ActiveCfg = Debug|Any CPU
		{3BA08EE9-C569-43E4-8FFA-AAE9FD743E81}.Debug|x64.Build.0 = Debug|Any CPU
		{3BA08EE9-C569-43E4-8FFA-AAE9FD743E81}.Debug|x64.Deploy.0 = Debug|Any CPU
		{3BA08EE9-C569-43E4-8FFA-AAE9FD743E81}.Debug|x86.ActiveCfg = Debug|Any CPU
		{3BA08EE9-C569-43E4-8FFA-AAE9FD743E81}.Debug|x86.Build.0 = Debug|Any CPU
		{3BA08EE9-C569-43E4-8FFA-AAE9FD743E81}.Debug|x86.Deploy.0 = Debug|Any CPU
		{3BA08EE9-C569-43E4-8FFA-AAE9FD743E81}.Release|Any CPU.ActiveCfg = Release|Any CPU
		{3BA08EE9-C569-43E4-8FFA-AAE9FD743E81}.Release|Any CPU.Build.0 = Release|Any CPU
		{3BA08EE9-C569-43E4-8FFA-AAE9FD743E81}.Release|Any CPU.Deploy.0 = Release|Any CPU
		{3BA08EE9-C569-43E4-8FFA-AAE9FD743E81}.Release|ARM.ActiveCfg = Release|Any CPU
		{3BA08EE9-C569-43E4-8FFA-AAE9FD743E81}.Release|ARM.Build.0 = Release|Any CPU
		{3BA08EE9-C569-43E4-8FFA-AAE9FD743E81}.Release|ARM.Deploy.0 = Release|Any CPU
		{3BA08EE9-C569-43E4-8FFA-AAE9FD743E81}.Release|iPhone.ActiveCfg = Release|Any CPU
		{3BA08EE9-C569-43E4-8FFA-AAE9FD743E81}.Release|iPhone.Build.0 = Release|Any CPU
		{3BA08EE9-C569-43E4-8FFA-AAE9FD743E81}.Release|iPhone.Deploy.0 = Release|Any CPU
		{3BA08EE9-C569-43E4-8FFA-AAE9FD743E81}.Release|iPhoneSimulator.ActiveCfg = Release|Any CPU
		{3BA08EE9-C569-43E4-8FFA-AAE9FD743E81}.Release|iPhoneSimulator.Build.0 = Release|Any CPU
		{3BA08EE9-C569-43E4-8FFA-AAE9FD743E81}.Release|iPhoneSimulator.Deploy.0 = Release|Any CPU
		{3BA08EE9-C569-43E4-8FFA-AAE9FD743E81}.Release|x64.ActiveCfg = Release|Any CPU
		{3BA08EE9-C569-43E4-8FFA-AAE9FD743E81}.Release|x64.Build.0 = Release|Any CPU
		{3BA08EE9-C569-43E4-8FFA-AAE9FD743E81}.Release|x64.Deploy.0 = Release|Any CPU
		{3BA08EE9-C569-43E4-8FFA-AAE9FD743E81}.Release|x86.ActiveCfg = Release|Any CPU
		{3BA08EE9-C569-43E4-8FFA-AAE9FD743E81}.Release|x86.Build.0 = Release|Any CPU
		{3BA08EE9-C569-43E4-8FFA-AAE9FD743E81}.Release|x86.Deploy.0 = Release|Any CPU
		{B3A6530D-F11A-40C9-908B-C15CF664DC38}.Ad-Hoc|Any CPU.ActiveCfg = Ad-Hoc|iPhone
		{B3A6530D-F11A-40C9-908B-C15CF664DC38}.Ad-Hoc|ARM.ActiveCfg = Ad-Hoc|iPhone
		{B3A6530D-F11A-40C9-908B-C15CF664DC38}.Ad-Hoc|iPhone.ActiveCfg = Ad-Hoc|iPhone
		{B3A6530D-F11A-40C9-908B-C15CF664DC38}.Ad-Hoc|iPhone.Build.0 = Ad-Hoc|iPhone
		{B3A6530D-F11A-40C9-908B-C15CF664DC38}.Ad-Hoc|iPhoneSimulator.ActiveCfg = Ad-Hoc|iPhoneSimulator
		{B3A6530D-F11A-40C9-908B-C15CF664DC38}.Ad-Hoc|iPhoneSimulator.Build.0 = Ad-Hoc|iPhoneSimulator
		{B3A6530D-F11A-40C9-908B-C15CF664DC38}.Ad-Hoc|x64.ActiveCfg = Ad-Hoc|iPhone
		{B3A6530D-F11A-40C9-908B-C15CF664DC38}.Ad-Hoc|x86.ActiveCfg = Ad-Hoc|iPhone
		{B3A6530D-F11A-40C9-908B-C15CF664DC38}.AppStore|Any CPU.ActiveCfg = AppStore|iPhone
		{B3A6530D-F11A-40C9-908B-C15CF664DC38}.AppStore|ARM.ActiveCfg = AppStore|iPhone
		{B3A6530D-F11A-40C9-908B-C15CF664DC38}.AppStore|iPhone.ActiveCfg = AppStore|iPhone
		{B3A6530D-F11A-40C9-908B-C15CF664DC38}.AppStore|iPhone.Build.0 = AppStore|iPhone
		{B3A6530D-F11A-40C9-908B-C15CF664DC38}.AppStore|iPhoneSimulator.ActiveCfg = AppStore|iPhoneSimulator
		{B3A6530D-F11A-40C9-908B-C15CF664DC38}.AppStore|iPhoneSimulator.Build.0 = AppStore|iPhoneSimulator
		{B3A6530D-F11A-40C9-908B-C15CF664DC38}.AppStore|x64.ActiveCfg = AppStore|iPhone
		{B3A6530D-F11A-40C9-908B-C15CF664DC38}.AppStore|x86.ActiveCfg = AppStore|iPhone
		{B3A6530D-F11A-40C9-908B-C15CF664DC38}.Debug|Any CPU.ActiveCfg = Debug|iPhone
		{B3A6530D-F11A-40C9-908B-C15CF664DC38}.Debug|ARM.ActiveCfg = Debug|iPhone
		{B3A6530D-F11A-40C9-908B-C15CF664DC38}.Debug|iPhone.ActiveCfg = Debug|iPhone
		{B3A6530D-F11A-40C9-908B-C15CF664DC38}.Debug|iPhone.Build.0 = Debug|iPhone
		{B3A6530D-F11A-40C9-908B-C15CF664DC38}.Debug|iPhoneSimulator.ActiveCfg = Debug|iPhoneSimulator
		{B3A6530D-F11A-40C9-908B-C15CF664DC38}.Debug|iPhoneSimulator.Build.0 = Debug|iPhoneSimulator
		{B3A6530D-F11A-40C9-908B-C15CF664DC38}.Debug|x64.ActiveCfg = Debug|iPhone
		{B3A6530D-F11A-40C9-908B-C15CF664DC38}.Debug|x86.ActiveCfg = Debug|iPhone
		{B3A6530D-F11A-40C9-908B-C15CF664DC38}.Release|Any CPU.ActiveCfg = Release|iPhone
		{B3A6530D-F11A-40C9-908B-C15CF664DC38}.Release|ARM.ActiveCfg = Release|iPhone
		{B3A6530D-F11A-40C9-908B-C15CF664DC38}.Release|iPhone.ActiveCfg = Release|iPhone
		{B3A6530D-F11A-40C9-908B-C15CF664DC38}.Release|iPhone.Build.0 = Release|iPhone
		{B3A6530D-F11A-40C9-908B-C15CF664DC38}.Release|iPhoneSimulator.ActiveCfg = Release|iPhoneSimulator
		{B3A6530D-F11A-40C9-908B-C15CF664DC38}.Release|iPhoneSimulator.Build.0 = Release|iPhoneSimulator
		{B3A6530D-F11A-40C9-908B-C15CF664DC38}.Release|x64.ActiveCfg = Release|iPhone
		{B3A6530D-F11A-40C9-908B-C15CF664DC38}.Release|x86.ActiveCfg = Release|iPhone
		{2E0AA8E7-965B-4CA8-96B4-54BBE57B89C0}.Ad-Hoc|Any CPU.ActiveCfg = Release|Any CPU
		{2E0AA8E7-965B-4CA8-96B4-54BBE57B89C0}.Ad-Hoc|Any CPU.Build.0 = Release|Any CPU
		{2E0AA8E7-965B-4CA8-96B4-54BBE57B89C0}.Ad-Hoc|Any CPU.Deploy.0 = Release|Any CPU
		{2E0AA8E7-965B-4CA8-96B4-54BBE57B89C0}.Ad-Hoc|ARM.ActiveCfg = Release|ARM
		{2E0AA8E7-965B-4CA8-96B4-54BBE57B89C0}.Ad-Hoc|ARM.Build.0 = Release|ARM
		{2E0AA8E7-965B-4CA8-96B4-54BBE57B89C0}.Ad-Hoc|ARM.Deploy.0 = Release|ARM
		{2E0AA8E7-965B-4CA8-96B4-54BBE57B89C0}.Ad-Hoc|iPhone.ActiveCfg = Release|Any CPU
		{2E0AA8E7-965B-4CA8-96B4-54BBE57B89C0}.Ad-Hoc|iPhone.Build.0 = Release|Any CPU
		{2E0AA8E7-965B-4CA8-96B4-54BBE57B89C0}.Ad-Hoc|iPhone.Deploy.0 = Release|Any CPU
		{2E0AA8E7-965B-4CA8-96B4-54BBE57B89C0}.Ad-Hoc|iPhoneSimulator.ActiveCfg = Release|Any CPU
		{2E0AA8E7-965B-4CA8-96B4-54BBE57B89C0}.Ad-Hoc|iPhoneSimulator.Build.0 = Release|Any CPU
		{2E0AA8E7-965B-4CA8-96B4-54BBE57B89C0}.Ad-Hoc|iPhoneSimulator.Deploy.0 = Release|Any CPU
		{2E0AA8E7-965B-4CA8-96B4-54BBE57B89C0}.Ad-Hoc|x64.ActiveCfg = Release|Any CPU
		{2E0AA8E7-965B-4CA8-96B4-54BBE57B89C0}.Ad-Hoc|x64.Build.0 = Release|Any CPU
		{2E0AA8E7-965B-4CA8-96B4-54BBE57B89C0}.Ad-Hoc|x64.Deploy.0 = Release|Any CPU
		{2E0AA8E7-965B-4CA8-96B4-54BBE57B89C0}.Ad-Hoc|x86.ActiveCfg = Release|x86
		{2E0AA8E7-965B-4CA8-96B4-54BBE57B89C0}.Ad-Hoc|x86.Build.0 = Release|x86
		{2E0AA8E7-965B-4CA8-96B4-54BBE57B89C0}.Ad-Hoc|x86.Deploy.0 = Release|x86
		{2E0AA8E7-965B-4CA8-96B4-54BBE57B89C0}.AppStore|Any CPU.ActiveCfg = Release|Any CPU
		{2E0AA8E7-965B-4CA8-96B4-54BBE57B89C0}.AppStore|Any CPU.Build.0 = Release|Any CPU
		{2E0AA8E7-965B-4CA8-96B4-54BBE57B89C0}.AppStore|Any CPU.Deploy.0 = Release|Any CPU
		{2E0AA8E7-965B-4CA8-96B4-54BBE57B89C0}.AppStore|ARM.ActiveCfg = Release|ARM
		{2E0AA8E7-965B-4CA8-96B4-54BBE57B89C0}.AppStore|ARM.Build.0 = Release|ARM
		{2E0AA8E7-965B-4CA8-96B4-54BBE57B89C0}.AppStore|ARM.Deploy.0 = Release|ARM
		{2E0AA8E7-965B-4CA8-96B4-54BBE57B89C0}.AppStore|iPhone.ActiveCfg = Release|Any CPU
		{2E0AA8E7-965B-4CA8-96B4-54BBE57B89C0}.AppStore|iPhone.Build.0 = Release|Any CPU
		{2E0AA8E7-965B-4CA8-96B4-54BBE57B89C0}.AppStore|iPhone.Deploy.0 = Release|Any CPU
		{2E0AA8E7-965B-4CA8-96B4-54BBE57B89C0}.AppStore|iPhoneSimulator.ActiveCfg = Release|Any CPU
		{2E0AA8E7-965B-4CA8-96B4-54BBE57B89C0}.AppStore|iPhoneSimulator.Build.0 = Release|Any CPU
		{2E0AA8E7-965B-4CA8-96B4-54BBE57B89C0}.AppStore|iPhoneSimulator.Deploy.0 = Release|Any CPU
		{2E0AA8E7-965B-4CA8-96B4-54BBE57B89C0}.AppStore|x64.ActiveCfg = Release|Any CPU
		{2E0AA8E7-965B-4CA8-96B4-54BBE57B89C0}.AppStore|x64.Build.0 = Release|Any CPU
		{2E0AA8E7-965B-4CA8-96B4-54BBE57B89C0}.AppStore|x64.Deploy.0 = Release|Any CPU
		{2E0AA8E7-965B-4CA8-96B4-54BBE57B89C0}.AppStore|x86.ActiveCfg = Release|x86
		{2E0AA8E7-965B-4CA8-96B4-54BBE57B89C0}.AppStore|x86.Build.0 = Release|x86
		{2E0AA8E7-965B-4CA8-96B4-54BBE57B89C0}.AppStore|x86.Deploy.0 = Release|x86
		{2E0AA8E7-965B-4CA8-96B4-54BBE57B89C0}.Debug|Any CPU.ActiveCfg = Debug|Any CPU
		{2E0AA8E7-965B-4CA8-96B4-54BBE57B89C0}.Debug|Any CPU.Build.0 = Debug|Any CPU
		{2E0AA8E7-965B-4CA8-96B4-54BBE57B89C0}.Debug|Any CPU.Deploy.0 = Debug|Any CPU
		{2E0AA8E7-965B-4CA8-96B4-54BBE57B89C0}.Debug|ARM.ActiveCfg = Debug|ARM
		{2E0AA8E7-965B-4CA8-96B4-54BBE57B89C0}.Debug|ARM.Build.0 = Debug|ARM
		{2E0AA8E7-965B-4CA8-96B4-54BBE57B89C0}.Debug|ARM.Deploy.0 = Debug|ARM
		{2E0AA8E7-965B-4CA8-96B4-54BBE57B89C0}.Debug|iPhone.ActiveCfg = Debug|Any CPU
		{2E0AA8E7-965B-4CA8-96B4-54BBE57B89C0}.Debug|iPhone.Build.0 = Debug|Any CPU
		{2E0AA8E7-965B-4CA8-96B4-54BBE57B89C0}.Debug|iPhone.Deploy.0 = Debug|Any CPU
		{2E0AA8E7-965B-4CA8-96B4-54BBE57B89C0}.Debug|iPhoneSimulator.ActiveCfg = Debug|Any CPU
		{2E0AA8E7-965B-4CA8-96B4-54BBE57B89C0}.Debug|iPhoneSimulator.Build.0 = Debug|Any CPU
		{2E0AA8E7-965B-4CA8-96B4-54BBE57B89C0}.Debug|iPhoneSimulator.Deploy.0 = Debug|Any CPU
		{2E0AA8E7-965B-4CA8-96B4-54BBE57B89C0}.Debug|x64.ActiveCfg = Debug|Any CPU
		{2E0AA8E7-965B-4CA8-96B4-54BBE57B89C0}.Debug|x64.Build.0 = Debug|Any CPU
		{2E0AA8E7-965B-4CA8-96B4-54BBE57B89C0}.Debug|x64.Deploy.0 = Debug|Any CPU
		{2E0AA8E7-965B-4CA8-96B4-54BBE57B89C0}.Debug|x86.ActiveCfg = Debug|x86
		{2E0AA8E7-965B-4CA8-96B4-54BBE57B89C0}.Debug|x86.Build.0 = Debug|x86
		{2E0AA8E7-965B-4CA8-96B4-54BBE57B89C0}.Debug|x86.Deploy.0 = Debug|x86
		{2E0AA8E7-965B-4CA8-96B4-54BBE57B89C0}.Release|Any CPU.ActiveCfg = Release|Any CPU
		{2E0AA8E7-965B-4CA8-96B4-54BBE57B89C0}.Release|Any CPU.Build.0 = Release|Any CPU
		{2E0AA8E7-965B-4CA8-96B4-54BBE57B89C0}.Release|Any CPU.Deploy.0 = Release|Any CPU
		{2E0AA8E7-965B-4CA8-96B4-54BBE57B89C0}.Release|ARM.ActiveCfg = Release|ARM
		{2E0AA8E7-965B-4CA8-96B4-54BBE57B89C0}.Release|ARM.Build.0 = Release|ARM
		{2E0AA8E7-965B-4CA8-96B4-54BBE57B89C0}.Release|ARM.Deploy.0 = Release|ARM
		{2E0AA8E7-965B-4CA8-96B4-54BBE57B89C0}.Release|iPhone.ActiveCfg = Release|Any CPU
		{2E0AA8E7-965B-4CA8-96B4-54BBE57B89C0}.Release|iPhone.Build.0 = Release|Any CPU
		{2E0AA8E7-965B-4CA8-96B4-54BBE57B89C0}.Release|iPhone.Deploy.0 = Release|Any CPU
		{2E0AA8E7-965B-4CA8-96B4-54BBE57B89C0}.Release|iPhoneSimulator.ActiveCfg = Release|Any CPU
		{2E0AA8E7-965B-4CA8-96B4-54BBE57B89C0}.Release|iPhoneSimulator.Build.0 = Release|Any CPU
		{2E0AA8E7-965B-4CA8-96B4-54BBE57B89C0}.Release|iPhoneSimulator.Deploy.0 = Release|Any CPU
		{2E0AA8E7-965B-4CA8-96B4-54BBE57B89C0}.Release|x64.ActiveCfg = Release|Any CPU
		{2E0AA8E7-965B-4CA8-96B4-54BBE57B89C0}.Release|x64.Build.0 = Release|Any CPU
		{2E0AA8E7-965B-4CA8-96B4-54BBE57B89C0}.Release|x64.Deploy.0 = Release|Any CPU
		{2E0AA8E7-965B-4CA8-96B4-54BBE57B89C0}.Release|x86.ActiveCfg = Release|x86
		{2E0AA8E7-965B-4CA8-96B4-54BBE57B89C0}.Release|x86.Build.0 = Release|x86
		{2E0AA8E7-965B-4CA8-96B4-54BBE57B89C0}.Release|x86.Deploy.0 = Release|x86
		{17730CED-BAB1-4D3D-852D-A31C798BD632}.Ad-Hoc|Any CPU.ActiveCfg = Release|x86
		{17730CED-BAB1-4D3D-852D-A31C798BD632}.Ad-Hoc|Any CPU.Build.0 = Release|x86
		{17730CED-BAB1-4D3D-852D-A31C798BD632}.Ad-Hoc|Any CPU.Deploy.0 = Release|x86
		{17730CED-BAB1-4D3D-852D-A31C798BD632}.Ad-Hoc|ARM.ActiveCfg = Release|ARM
		{17730CED-BAB1-4D3D-852D-A31C798BD632}.Ad-Hoc|ARM.Build.0 = Release|ARM
		{17730CED-BAB1-4D3D-852D-A31C798BD632}.Ad-Hoc|ARM.Deploy.0 = Release|ARM
		{17730CED-BAB1-4D3D-852D-A31C798BD632}.Ad-Hoc|iPhone.ActiveCfg = Release|x86
		{17730CED-BAB1-4D3D-852D-A31C798BD632}.Ad-Hoc|iPhone.Build.0 = Release|x86
		{17730CED-BAB1-4D3D-852D-A31C798BD632}.Ad-Hoc|iPhone.Deploy.0 = Release|x86
		{17730CED-BAB1-4D3D-852D-A31C798BD632}.Ad-Hoc|iPhoneSimulator.ActiveCfg = Release|x86
		{17730CED-BAB1-4D3D-852D-A31C798BD632}.Ad-Hoc|iPhoneSimulator.Build.0 = Release|x86
		{17730CED-BAB1-4D3D-852D-A31C798BD632}.Ad-Hoc|iPhoneSimulator.Deploy.0 = Release|x86
		{17730CED-BAB1-4D3D-852D-A31C798BD632}.Ad-Hoc|x64.ActiveCfg = Release|x64
		{17730CED-BAB1-4D3D-852D-A31C798BD632}.Ad-Hoc|x64.Build.0 = Release|x64
		{17730CED-BAB1-4D3D-852D-A31C798BD632}.Ad-Hoc|x64.Deploy.0 = Release|x64
		{17730CED-BAB1-4D3D-852D-A31C798BD632}.Ad-Hoc|x86.ActiveCfg = Release|x86
		{17730CED-BAB1-4D3D-852D-A31C798BD632}.Ad-Hoc|x86.Build.0 = Release|x86
		{17730CED-BAB1-4D3D-852D-A31C798BD632}.Ad-Hoc|x86.Deploy.0 = Release|x86
		{17730CED-BAB1-4D3D-852D-A31C798BD632}.AppStore|Any CPU.ActiveCfg = Release|x86
		{17730CED-BAB1-4D3D-852D-A31C798BD632}.AppStore|Any CPU.Build.0 = Release|x86
		{17730CED-BAB1-4D3D-852D-A31C798BD632}.AppStore|Any CPU.Deploy.0 = Release|x86
		{17730CED-BAB1-4D3D-852D-A31C798BD632}.AppStore|ARM.ActiveCfg = Release|ARM
		{17730CED-BAB1-4D3D-852D-A31C798BD632}.AppStore|ARM.Build.0 = Release|ARM
		{17730CED-BAB1-4D3D-852D-A31C798BD632}.AppStore|ARM.Deploy.0 = Release|ARM
		{17730CED-BAB1-4D3D-852D-A31C798BD632}.AppStore|iPhone.ActiveCfg = Release|x86
		{17730CED-BAB1-4D3D-852D-A31C798BD632}.AppStore|iPhone.Build.0 = Release|x86
		{17730CED-BAB1-4D3D-852D-A31C798BD632}.AppStore|iPhone.Deploy.0 = Release|x86
		{17730CED-BAB1-4D3D-852D-A31C798BD632}.AppStore|iPhoneSimulator.ActiveCfg = Release|x86
		{17730CED-BAB1-4D3D-852D-A31C798BD632}.AppStore|iPhoneSimulator.Build.0 = Release|x86
		{17730CED-BAB1-4D3D-852D-A31C798BD632}.AppStore|iPhoneSimulator.Deploy.0 = Release|x86
		{17730CED-BAB1-4D3D-852D-A31C798BD632}.AppStore|x64.ActiveCfg = Release|x64
		{17730CED-BAB1-4D3D-852D-A31C798BD632}.AppStore|x64.Build.0 = Release|x64
		{17730CED-BAB1-4D3D-852D-A31C798BD632}.AppStore|x64.Deploy.0 = Release|x64
		{17730CED-BAB1-4D3D-852D-A31C798BD632}.AppStore|x86.ActiveCfg = Release|x86
		{17730CED-BAB1-4D3D-852D-A31C798BD632}.AppStore|x86.Build.0 = Release|x86
		{17730CED-BAB1-4D3D-852D-A31C798BD632}.AppStore|x86.Deploy.0 = Release|x86
		{17730CED-BAB1-4D3D-852D-A31C798BD632}.Debug|Any CPU.ActiveCfg = Debug|x86
		{17730CED-BAB1-4D3D-852D-A31C798BD632}.Debug|ARM.ActiveCfg = Debug|ARM
		{17730CED-BAB1-4D3D-852D-A31C798BD632}.Debug|ARM.Build.0 = Debug|ARM
		{17730CED-BAB1-4D3D-852D-A31C798BD632}.Debug|ARM.Deploy.0 = Debug|ARM
		{17730CED-BAB1-4D3D-852D-A31C798BD632}.Debug|iPhone.ActiveCfg = Debug|x86
		{17730CED-BAB1-4D3D-852D-A31C798BD632}.Debug|iPhoneSimulator.ActiveCfg = Debug|x86
		{17730CED-BAB1-4D3D-852D-A31C798BD632}.Debug|x64.ActiveCfg = Debug|x64
		{17730CED-BAB1-4D3D-852D-A31C798BD632}.Debug|x64.Build.0 = Debug|x64
		{17730CED-BAB1-4D3D-852D-A31C798BD632}.Debug|x64.Deploy.0 = Debug|x64
		{17730CED-BAB1-4D3D-852D-A31C798BD632}.Debug|x86.ActiveCfg = Debug|x86
		{17730CED-BAB1-4D3D-852D-A31C798BD632}.Debug|x86.Build.0 = Debug|x86
		{17730CED-BAB1-4D3D-852D-A31C798BD632}.Debug|x86.Deploy.0 = Debug|x86
		{17730CED-BAB1-4D3D-852D-A31C798BD632}.Release|Any CPU.ActiveCfg = Release|x86
		{17730CED-BAB1-4D3D-852D-A31C798BD632}.Release|ARM.ActiveCfg = Release|ARM
		{17730CED-BAB1-4D3D-852D-A31C798BD632}.Release|ARM.Build.0 = Release|ARM
		{17730CED-BAB1-4D3D-852D-A31C798BD632}.Release|ARM.Deploy.0 = Release|ARM
		{17730CED-BAB1-4D3D-852D-A31C798BD632}.Release|iPhone.ActiveCfg = Release|x86
		{17730CED-BAB1-4D3D-852D-A31C798BD632}.Release|iPhoneSimulator.ActiveCfg = Release|x86
		{17730CED-BAB1-4D3D-852D-A31C798BD632}.Release|x64.ActiveCfg = Release|x64
		{17730CED-BAB1-4D3D-852D-A31C798BD632}.Release|x64.Build.0 = Release|x64
		{17730CED-BAB1-4D3D-852D-A31C798BD632}.Release|x64.Deploy.0 = Release|x64
		{17730CED-BAB1-4D3D-852D-A31C798BD632}.Release|x86.ActiveCfg = Release|x86
		{17730CED-BAB1-4D3D-852D-A31C798BD632}.Release|x86.Build.0 = Release|x86
		{17730CED-BAB1-4D3D-852D-A31C798BD632}.Release|x86.Deploy.0 = Release|x86
		{D618FAA5-416F-4203-874C-7D5F41AC5F6E}.Ad-Hoc|Any CPU.ActiveCfg = Release|Any CPU
		{D618FAA5-416F-4203-874C-7D5F41AC5F6E}.Ad-Hoc|Any CPU.Build.0 = Release|Any CPU
		{D618FAA5-416F-4203-874C-7D5F41AC5F6E}.Ad-Hoc|Any CPU.Deploy.0 = Release|Any CPU
		{D618FAA5-416F-4203-874C-7D5F41AC5F6E}.Ad-Hoc|ARM.ActiveCfg = Release|ARM
		{D618FAA5-416F-4203-874C-7D5F41AC5F6E}.Ad-Hoc|ARM.Build.0 = Release|ARM
		{D618FAA5-416F-4203-874C-7D5F41AC5F6E}.Ad-Hoc|ARM.Deploy.0 = Release|ARM
		{D618FAA5-416F-4203-874C-7D5F41AC5F6E}.Ad-Hoc|iPhone.ActiveCfg = Release|Any CPU
		{D618FAA5-416F-4203-874C-7D5F41AC5F6E}.Ad-Hoc|iPhone.Build.0 = Release|Any CPU
		{D618FAA5-416F-4203-874C-7D5F41AC5F6E}.Ad-Hoc|iPhone.Deploy.0 = Release|Any CPU
		{D618FAA5-416F-4203-874C-7D5F41AC5F6E}.Ad-Hoc|iPhoneSimulator.ActiveCfg = Release|Any CPU
		{D618FAA5-416F-4203-874C-7D5F41AC5F6E}.Ad-Hoc|iPhoneSimulator.Build.0 = Release|Any CPU
		{D618FAA5-416F-4203-874C-7D5F41AC5F6E}.Ad-Hoc|iPhoneSimulator.Deploy.0 = Release|Any CPU
		{D618FAA5-416F-4203-874C-7D5F41AC5F6E}.Ad-Hoc|x64.ActiveCfg = Release|x64
		{D618FAA5-416F-4203-874C-7D5F41AC5F6E}.Ad-Hoc|x64.Build.0 = Release|x64
		{D618FAA5-416F-4203-874C-7D5F41AC5F6E}.Ad-Hoc|x64.Deploy.0 = Release|x64
		{D618FAA5-416F-4203-874C-7D5F41AC5F6E}.Ad-Hoc|x86.ActiveCfg = Release|x86
		{D618FAA5-416F-4203-874C-7D5F41AC5F6E}.Ad-Hoc|x86.Build.0 = Release|x86
		{D618FAA5-416F-4203-874C-7D5F41AC5F6E}.Ad-Hoc|x86.Deploy.0 = Release|x86
		{D618FAA5-416F-4203-874C-7D5F41AC5F6E}.AppStore|Any CPU.ActiveCfg = Release|Any CPU
		{D618FAA5-416F-4203-874C-7D5F41AC5F6E}.AppStore|Any CPU.Build.0 = Release|Any CPU
		{D618FAA5-416F-4203-874C-7D5F41AC5F6E}.AppStore|Any CPU.Deploy.0 = Release|Any CPU
		{D618FAA5-416F-4203-874C-7D5F41AC5F6E}.AppStore|ARM.ActiveCfg = Release|ARM
		{D618FAA5-416F-4203-874C-7D5F41AC5F6E}.AppStore|ARM.Build.0 = Release|ARM
		{D618FAA5-416F-4203-874C-7D5F41AC5F6E}.AppStore|ARM.Deploy.0 = Release|ARM
		{D618FAA5-416F-4203-874C-7D5F41AC5F6E}.AppStore|iPhone.ActiveCfg = Release|Any CPU
		{D618FAA5-416F-4203-874C-7D5F41AC5F6E}.AppStore|iPhone.Build.0 = Release|Any CPU
		{D618FAA5-416F-4203-874C-7D5F41AC5F6E}.AppStore|iPhone.Deploy.0 = Release|Any CPU
		{D618FAA5-416F-4203-874C-7D5F41AC5F6E}.AppStore|iPhoneSimulator.ActiveCfg = Release|Any CPU
		{D618FAA5-416F-4203-874C-7D5F41AC5F6E}.AppStore|iPhoneSimulator.Build.0 = Release|Any CPU
		{D618FAA5-416F-4203-874C-7D5F41AC5F6E}.AppStore|iPhoneSimulator.Deploy.0 = Release|Any CPU
		{D618FAA5-416F-4203-874C-7D5F41AC5F6E}.AppStore|x64.ActiveCfg = Release|x64
		{D618FAA5-416F-4203-874C-7D5F41AC5F6E}.AppStore|x64.Build.0 = Release|x64
		{D618FAA5-416F-4203-874C-7D5F41AC5F6E}.AppStore|x64.Deploy.0 = Release|x64
		{D618FAA5-416F-4203-874C-7D5F41AC5F6E}.AppStore|x86.ActiveCfg = Release|x86
		{D618FAA5-416F-4203-874C-7D5F41AC5F6E}.AppStore|x86.Build.0 = Release|x86
		{D618FAA5-416F-4203-874C-7D5F41AC5F6E}.AppStore|x86.Deploy.0 = Release|x86
		{D618FAA5-416F-4203-874C-7D5F41AC5F6E}.Debug|Any CPU.ActiveCfg = Debug|Any CPU
		{D618FAA5-416F-4203-874C-7D5F41AC5F6E}.Debug|Any CPU.Build.0 = Debug|Any CPU
		{D618FAA5-416F-4203-874C-7D5F41AC5F6E}.Debug|Any CPU.Deploy.0 = Debug|Any CPU
		{D618FAA5-416F-4203-874C-7D5F41AC5F6E}.Debug|ARM.ActiveCfg = Debug|ARM
		{D618FAA5-416F-4203-874C-7D5F41AC5F6E}.Debug|ARM.Build.0 = Debug|ARM
		{D618FAA5-416F-4203-874C-7D5F41AC5F6E}.Debug|ARM.Deploy.0 = Debug|ARM
		{D618FAA5-416F-4203-874C-7D5F41AC5F6E}.Debug|iPhone.ActiveCfg = Debug|Any CPU
		{D618FAA5-416F-4203-874C-7D5F41AC5F6E}.Debug|iPhone.Build.0 = Debug|Any CPU
		{D618FAA5-416F-4203-874C-7D5F41AC5F6E}.Debug|iPhone.Deploy.0 = Debug|Any CPU
		{D618FAA5-416F-4203-874C-7D5F41AC5F6E}.Debug|iPhoneSimulator.ActiveCfg = Debug|Any CPU
		{D618FAA5-416F-4203-874C-7D5F41AC5F6E}.Debug|iPhoneSimulator.Build.0 = Debug|Any CPU
		{D618FAA5-416F-4203-874C-7D5F41AC5F6E}.Debug|iPhoneSimulator.Deploy.0 = Debug|Any CPU
		{D618FAA5-416F-4203-874C-7D5F41AC5F6E}.Debug|x64.ActiveCfg = Debug|x64
		{D618FAA5-416F-4203-874C-7D5F41AC5F6E}.Debug|x64.Build.0 = Debug|x64
		{D618FAA5-416F-4203-874C-7D5F41AC5F6E}.Debug|x64.Deploy.0 = Debug|x64
		{D618FAA5-416F-4203-874C-7D5F41AC5F6E}.Debug|x86.ActiveCfg = Debug|x86
		{D618FAA5-416F-4203-874C-7D5F41AC5F6E}.Debug|x86.Build.0 = Debug|x86
		{D618FAA5-416F-4203-874C-7D5F41AC5F6E}.Debug|x86.Deploy.0 = Debug|x86
		{D618FAA5-416F-4203-874C-7D5F41AC5F6E}.Release|Any CPU.ActiveCfg = Release|Any CPU
		{D618FAA5-416F-4203-874C-7D5F41AC5F6E}.Release|Any CPU.Build.0 = Release|Any CPU
		{D618FAA5-416F-4203-874C-7D5F41AC5F6E}.Release|Any CPU.Deploy.0 = Release|Any CPU
		{D618FAA5-416F-4203-874C-7D5F41AC5F6E}.Release|ARM.ActiveCfg = Release|ARM
		{D618FAA5-416F-4203-874C-7D5F41AC5F6E}.Release|ARM.Build.0 = Release|ARM
		{D618FAA5-416F-4203-874C-7D5F41AC5F6E}.Release|ARM.Deploy.0 = Release|ARM
		{D618FAA5-416F-4203-874C-7D5F41AC5F6E}.Release|iPhone.ActiveCfg = Release|Any CPU
		{D618FAA5-416F-4203-874C-7D5F41AC5F6E}.Release|iPhone.Build.0 = Release|Any CPU
		{D618FAA5-416F-4203-874C-7D5F41AC5F6E}.Release|iPhone.Deploy.0 = Release|Any CPU
		{D618FAA5-416F-4203-874C-7D5F41AC5F6E}.Release|iPhoneSimulator.ActiveCfg = Release|Any CPU
		{D618FAA5-416F-4203-874C-7D5F41AC5F6E}.Release|iPhoneSimulator.Build.0 = Release|Any CPU
		{D618FAA5-416F-4203-874C-7D5F41AC5F6E}.Release|iPhoneSimulator.Deploy.0 = Release|Any CPU
		{D618FAA5-416F-4203-874C-7D5F41AC5F6E}.Release|x64.ActiveCfg = Release|x64
		{D618FAA5-416F-4203-874C-7D5F41AC5F6E}.Release|x64.Build.0 = Release|x64
		{D618FAA5-416F-4203-874C-7D5F41AC5F6E}.Release|x64.Deploy.0 = Release|x64
		{D618FAA5-416F-4203-874C-7D5F41AC5F6E}.Release|x86.ActiveCfg = Release|x86
		{D618FAA5-416F-4203-874C-7D5F41AC5F6E}.Release|x86.Build.0 = Release|x86
		{D618FAA5-416F-4203-874C-7D5F41AC5F6E}.Release|x86.Deploy.0 = Release|x86
		{774DC137-D8EA-4F1B-9CC9-3146A3E6663D}.Ad-Hoc|Any CPU.ActiveCfg = Release|Any CPU
		{774DC137-D8EA-4F1B-9CC9-3146A3E6663D}.Ad-Hoc|Any CPU.Build.0 = Release|Any CPU
		{774DC137-D8EA-4F1B-9CC9-3146A3E6663D}.Ad-Hoc|ARM.ActiveCfg = Release|Any CPU
		{774DC137-D8EA-4F1B-9CC9-3146A3E6663D}.Ad-Hoc|ARM.Build.0 = Release|Any CPU
		{774DC137-D8EA-4F1B-9CC9-3146A3E6663D}.Ad-Hoc|iPhone.ActiveCfg = Release|Any CPU
		{774DC137-D8EA-4F1B-9CC9-3146A3E6663D}.Ad-Hoc|iPhone.Build.0 = Release|Any CPU
		{774DC137-D8EA-4F1B-9CC9-3146A3E6663D}.Ad-Hoc|iPhoneSimulator.ActiveCfg = Release|Any CPU
		{774DC137-D8EA-4F1B-9CC9-3146A3E6663D}.Ad-Hoc|iPhoneSimulator.Build.0 = Release|Any CPU
		{774DC137-D8EA-4F1B-9CC9-3146A3E6663D}.Ad-Hoc|x64.ActiveCfg = Release|Any CPU
		{774DC137-D8EA-4F1B-9CC9-3146A3E6663D}.Ad-Hoc|x64.Build.0 = Release|Any CPU
		{774DC137-D8EA-4F1B-9CC9-3146A3E6663D}.Ad-Hoc|x86.ActiveCfg = Release|Any CPU
		{774DC137-D8EA-4F1B-9CC9-3146A3E6663D}.Ad-Hoc|x86.Build.0 = Release|Any CPU
		{774DC137-D8EA-4F1B-9CC9-3146A3E6663D}.AppStore|Any CPU.ActiveCfg = Release|Any CPU
		{774DC137-D8EA-4F1B-9CC9-3146A3E6663D}.AppStore|Any CPU.Build.0 = Release|Any CPU
		{774DC137-D8EA-4F1B-9CC9-3146A3E6663D}.AppStore|ARM.ActiveCfg = Release|Any CPU
		{774DC137-D8EA-4F1B-9CC9-3146A3E6663D}.AppStore|ARM.Build.0 = Release|Any CPU
		{774DC137-D8EA-4F1B-9CC9-3146A3E6663D}.AppStore|iPhone.ActiveCfg = Release|Any CPU
		{774DC137-D8EA-4F1B-9CC9-3146A3E6663D}.AppStore|iPhone.Build.0 = Release|Any CPU
		{774DC137-D8EA-4F1B-9CC9-3146A3E6663D}.AppStore|iPhoneSimulator.ActiveCfg = Release|Any CPU
		{774DC137-D8EA-4F1B-9CC9-3146A3E6663D}.AppStore|iPhoneSimulator.Build.0 = Release|Any CPU
		{774DC137-D8EA-4F1B-9CC9-3146A3E6663D}.AppStore|x64.ActiveCfg = Release|Any CPU
		{774DC137-D8EA-4F1B-9CC9-3146A3E6663D}.AppStore|x64.Build.0 = Release|Any CPU
		{774DC137-D8EA-4F1B-9CC9-3146A3E6663D}.AppStore|x86.ActiveCfg = Release|Any CPU
		{774DC137-D8EA-4F1B-9CC9-3146A3E6663D}.AppStore|x86.Build.0 = Release|Any CPU
		{774DC137-D8EA-4F1B-9CC9-3146A3E6663D}.Debug|Any CPU.ActiveCfg = Debug|Any CPU
		{774DC137-D8EA-4F1B-9CC9-3146A3E6663D}.Debug|Any CPU.Build.0 = Debug|Any CPU
		{774DC137-D8EA-4F1B-9CC9-3146A3E6663D}.Debug|ARM.ActiveCfg = Debug|Any CPU
		{774DC137-D8EA-4F1B-9CC9-3146A3E6663D}.Debug|ARM.Build.0 = Debug|Any CPU
		{774DC137-D8EA-4F1B-9CC9-3146A3E6663D}.Debug|iPhone.ActiveCfg = Debug|Any CPU
		{774DC137-D8EA-4F1B-9CC9-3146A3E6663D}.Debug|iPhone.Build.0 = Debug|Any CPU
		{774DC137-D8EA-4F1B-9CC9-3146A3E6663D}.Debug|iPhoneSimulator.ActiveCfg = Debug|Any CPU
		{774DC137-D8EA-4F1B-9CC9-3146A3E6663D}.Debug|iPhoneSimulator.Build.0 = Debug|Any CPU
		{774DC137-D8EA-4F1B-9CC9-3146A3E6663D}.Debug|x64.ActiveCfg = Debug|Any CPU
		{774DC137-D8EA-4F1B-9CC9-3146A3E6663D}.Debug|x64.Build.0 = Debug|Any CPU
		{774DC137-D8EA-4F1B-9CC9-3146A3E6663D}.Debug|x86.ActiveCfg = Debug|Any CPU
		{774DC137-D8EA-4F1B-9CC9-3146A3E6663D}.Debug|x86.Build.0 = Debug|Any CPU
		{774DC137-D8EA-4F1B-9CC9-3146A3E6663D}.Release|Any CPU.ActiveCfg = Release|Any CPU
		{774DC137-D8EA-4F1B-9CC9-3146A3E6663D}.Release|Any CPU.Build.0 = Release|Any CPU
		{774DC137-D8EA-4F1B-9CC9-3146A3E6663D}.Release|ARM.ActiveCfg = Release|Any CPU
		{774DC137-D8EA-4F1B-9CC9-3146A3E6663D}.Release|ARM.Build.0 = Release|Any CPU
		{774DC137-D8EA-4F1B-9CC9-3146A3E6663D}.Release|iPhone.ActiveCfg = Release|Any CPU
		{774DC137-D8EA-4F1B-9CC9-3146A3E6663D}.Release|iPhone.Build.0 = Release|Any CPU
		{774DC137-D8EA-4F1B-9CC9-3146A3E6663D}.Release|iPhoneSimulator.ActiveCfg = Release|Any CPU
		{774DC137-D8EA-4F1B-9CC9-3146A3E6663D}.Release|iPhoneSimulator.Build.0 = Release|Any CPU
		{774DC137-D8EA-4F1B-9CC9-3146A3E6663D}.Release|x64.ActiveCfg = Release|Any CPU
		{774DC137-D8EA-4F1B-9CC9-3146A3E6663D}.Release|x64.Build.0 = Release|Any CPU
		{774DC137-D8EA-4F1B-9CC9-3146A3E6663D}.Release|x86.ActiveCfg = Release|Any CPU
		{774DC137-D8EA-4F1B-9CC9-3146A3E6663D}.Release|x86.Build.0 = Release|Any CPU
	EndGlobalSection
	GlobalSection(SolutionProperties) = preSolution
		HideSolutionNode = FALSE
	EndGlobalSection
EndGlobal
